
Microsoft Visual Studio Solution File, Format Version 12.00
# Visual Studio Version 16
VisualStudioVersion = 16.0.30330.147
MinimumVisualStudioVersion = 10.0.40219.1
Project("{9A19103F-16F7-4668-BE54-9A1E7A4F7556}") = "TreeBInDisk", "TreeBInDisk.csproj", "{06E49D0B-CDF7-4CC7-A411-35B25F396FBE}"
EndProject
Project("{9A19103F-16F7-4668-BE54-9A1E7A4F7556}") = "SerieII", "..\SerieII\SerieII.csproj", "{C6F87685-B077-4064-901A-D709F7D7B5CE}"
EndProject
Project("{9A19103F-16F7-4668-BE54-9A1E7A4F7556}") = "SerieIII", "..\SerieIII\SerieIII.csproj", "{4BB6363C-9D6D-48B9-8E73-71996BE9C089}"
EndProject
Global
	GlobalSection(SolutionConfigurationPlatforms) = preSolution
		Debug|Any CPU = Debug|Any CPU
		Release|Any CPU = Release|Any CPU
	EndGlobalSection
	GlobalSection(ProjectConfigurationPlatforms) = postSolution
		{06E49D0B-CDF7-4CC7-A411-35B25F396FBE}.Debug|Any CPU.ActiveCfg = Debug|Any CPU
		{06E49D0B-CDF7-4CC7-A411-35B25F396FBE}.Debug|Any CPU.Build.0 = Debug|Any CPU
		{06E49D0B-CDF7-4CC7-A411-35B25F396FBE}.Release|Any CPU.ActiveCfg = Release|Any CPU
		{06E49D0B-CDF7-4CC7-A411-35B25F396FBE}.Release|Any CPU.Build.0 = Release|Any CPU
		{C6F87685-B077-4064-901A-D709F7D7B5CE}.Debug|Any CPU.ActiveCfg = Debug|Any CPU
		{C6F87685-B077-4064-901A-D709F7D7B5CE}.Debug|Any CPU.Build.0 = Debug|Any CPU
		{C6F87685-B077-4064-901A-D709F7D7B5CE}.Release|Any CPU.ActiveCfg = Release|Any CPU
		{C6F87685-B077-4064-901A-D709F7D7B5CE}.Release|Any CPU.Build.0 = Release|Any CPU
		{4BB6363C-9D6D-48B9-8E73-71996BE9C089}.Debug|Any CPU.ActiveCfg = Debug|Any CPU
		{4BB6363C-9D6D-48B9-8E73-71996BE9C089}.Debug|Any CPU.Build.0 = Debug|Any CPU
		{4BB6363C-9D6D-48B9-8E73-71996BE9C089}.Release|Any CPU.ActiveCfg = Release|Any CPU
		{4BB6363C-9D6D-48B9-8E73-71996BE9C089}.Release|Any CPU.Build.0 = Release|Any CPU
	EndGlobalSection
	GlobalSection(SolutionProperties) = preSolution
		HideSolutionNode = FALSE
	EndGlobalSection
	GlobalSection(ExtensibilityGlobals) = postSolution
		SolutionGuid = {B6CD7DB7-DDAA-4619-9F5F-21D003FB09A0}
	EndGlobalSection
EndGlobal
